// !$*UTF8*$!
{
	archiveVersion = 1;
	classes = {
	};
	objectVersion = 55;
	objects = {

/* Begin PBXBuildFile section */
		E201193926C65FD500A4AC65 /* AppDelegate.swift in Sources */ = {isa = PBXBuildFile; fileRef = E201193826C65FD500A4AC65 /* AppDelegate.swift */; };
		E201193B26C65FD500A4AC65 /* SceneDelegate.swift in Sources */ = {isa = PBXBuildFile; fileRef = E201193A26C65FD500A4AC65 /* SceneDelegate.swift */; };
		E201193D26C65FD500A4AC65 /* ViewController.swift in Sources */ = {isa = PBXBuildFile; fileRef = E201193C26C65FD500A4AC65 /* ViewController.swift */; };
		E201194026C65FD500A4AC65 /* Main.storyboard in Resources */ = {isa = PBXBuildFile; fileRef = E201193E26C65FD500A4AC65 /* Main.storyboard */; };
		E201194226C65FD700A4AC65 /* Assets.xcassets in Resources */ = {isa = PBXBuildFile; fileRef = E201194126C65FD700A4AC65 /* Assets.xcassets */; };
		E201194526C65FD700A4AC65 /* LaunchScreen.storyboard in Resources */ = {isa = PBXBuildFile; fileRef = E201194326C65FD700A4AC65 /* LaunchScreen.storyboard */; };
		E201194D26C65FFD00A4AC65 /* PlayerView.swift in Sources */ = {isa = PBXBuildFile; fileRef = E201194C26C65FFD00A4AC65 /* PlayerView.swift */; };
		E201194F26C662E800A4AC65 /* VideoController.swift in Sources */ = {isa = PBXBuildFile; fileRef = E201194E26C662E800A4AC65 /* VideoController.swift */; };
/* End PBXBuildFile section */

/* Begin PBXFileReference section */
		E201193526C65FD500A4AC65 /* MultiplePlayerLayers.app */ = {isa = PBXFileReference; explicitFileType = wrapper.application; includeInIndex = 0; path = MultiplePlayerLayers.app; sourceTree = BUILT_PRODUCTS_DIR; };
		E201193826C65FD500A4AC65 /* AppDelegate.swift */ = {isa = PBXFileReference; lastKnownFileType = sourcecode.swift; path = AppDelegate.swift; sourceTree = "<group>"; };
		E201193A26C65FD500A4AC65 /* SceneDelegate.swift */ = {isa = PBXFileReference; lastKnownFileType = sourcecode.swift; path = SceneDelegate.swift; sourceTree = "<group>"; };
		E201193C26C65FD500A4AC65 /* ViewController.swift */ = {isa = PBXFileReference; lastKnownFileType = sourcecode.swift; path = ViewController.swift; sourceTree = "<group>"; };
		E201193F26C65FD500A4AC65 /* Base */ = {isa = PBXFileReference; lastKnownFileType = file.storyboard; name = Base; path = Base.lproj/Main.storyboard; sourceTree = "<group>"; };
		E201194126C65FD700A4AC65 /* Assets.xcassets */ = {isa = PBXFileReference; lastKnownFileType = folder.assetcatalog; path = Assets.xcassets; sourceTree = "<group>"; };
		E201194426C65FD700A4AC65 /* Base */ = {isa = PBXFileReference; lastKnownFileType = file.storyboard; name = Base; path = Base.lproj/LaunchScreen.storyboard; sourceTree = "<group>"; };
		E201194626C65FD700A4AC65 /* Info.plist */ = {isa = PBXFileReference; lastKnownFileType = text.plist.xml; path = Info.plist; sourceTree = "<group>"; };
		E201194C26C65FFD00A4AC65 /* PlayerView.swift */ = {isa = PBXFileReference; lastKnownFileType = sourcecode.swift; path = PlayerView.swift; sourceTree = "<group>"; };
		E201194E26C662E800A4AC65 /* VideoController.swift */ = {isa = PBXFileReference; lastKnownFileType = sourcecode.swift; path = VideoController.swift; sourceTree = "<group>"; };
/* End PBXFileReference section */

/* Begin PBXFrameworksBuildPhase section */
		E201193226C65FD500A4AC65 /* Frameworks */ = {
			isa = PBXFrameworksBuildPhase;
			buildActionMask = 2147483647;
			files = (
			);
			runOnlyForDeploymentPostprocessing = 0;
		};
/* End PBXFrameworksBuildPhase section */

/* Begin PBXGroup section */
		E201192C26C65FD500A4AC65 = {
			isa = PBXGroup;
			children = (
				E201193726C65FD500A4AC65 /* MultiplePlayerLayers */,
				E201193626C65FD500A4AC65 /* Products */,
			);
			sourceTree = "<group>";
		};
		E201193626C65FD500A4AC65 /* Products */ = {
			isa = PBXGroup;
			children = (
				E201193526C65FD500A4AC65 /* MultiplePlayerLayers.app */,
			);
			name = Products;
			sourceTree = "<group>";
		};
		E201193726C65FD500A4AC65 /* MultiplePlayerLayers */ = {
			isa = PBXGroup;
			children = (
				E201193826C65FD500A4AC65 /* AppDelegate.swift */,
				E201193A26C65FD500A4AC65 /* SceneDelegate.swift */,
				E201193C26C65FD500A4AC65 /* ViewController.swift */,
				E201194E26C662E800A4AC65 /* VideoController.swift */,
				E201194C26C65FFD00A4AC65 /* PlayerView.swift */,
				E201193E26C65FD500A4AC65 /* Main.storyboard */,
				E201194126C65FD700A4AC65 /* Assets.xcassets */,
				E201194326C65FD700A4AC65 /* LaunchScreen.storyboard */,
				E201194626C65FD700A4AC65 /* Info.plist */,
			);
			path = MultiplePlayerLayers;
			sourceTree = "<group>";
		};
/* End PBXGroup section */

/* Begin PBXNativeTarget section */
		E201193426C65FD500A4AC65 /* MultiplePlayerLayers */ = {
			isa = PBXNativeTarget;
			buildConfigurationList = E201194926C65FD700A4AC65 /* Build configuration list for PBXNativeTarget "MultiplePlayerLayers" */;
			buildPhases = (
				E201193126C65FD500A4AC65 /* Sources */,
				E201193226C65FD500A4AC65 /* Frameworks */,
				E201193326C65FD500A4AC65 /* Resources */,
			);
			buildRules = (
			);
			dependencies = (
			);
			name = MultiplePlayerLayers;
			productName = MultiplePlayerLayers;
			productReference = E201193526C65FD500A4AC65 /* MultiplePlayerLayers.app */;
			productType = "com.apple.product-type.application";
		};
/* End PBXNativeTarget section */

/* Begin PBXProject section */
		E201192D26C65FD500A4AC65 /* Project object */ = {
			isa = PBXProject;
			attributes = {
				BuildIndependentTargetsInParallel = 1;
				LastSwiftUpdateCheck = 1300;
				LastUpgradeCheck = 1300;
				TargetAttributes = {
					E201193426C65FD500A4AC65 = {
						CreatedOnToolsVersion = 13.0;
					};
				};
			};
			buildConfigurationList = E201193026C65FD500A4AC65 /* Build configuration list for PBXProject "MultiplePlayerLayers" */;
			compatibilityVersion = "Xcode 13.0";
			developmentRegion = en;
			hasScannedForEncodings = 0;
			knownRegions = (
				en,
				Base,
			);
			mainGroup = E201192C26C65FD500A4AC65;
			productRefGroup = E201193626C65FD500A4AC65 /* Products */;
			projectDirPath = "";
			projectRoot = "";
			targets = (
				E201193426C65FD500A4AC65 /* MultiplePlayerLayers */,
			);
		};
/* End PBXProject section */

/* Begin PBXResourcesBuildPhase section */
		E201193326C65FD500A4AC65 /* Resources */ = {
			isa = PBXResourcesBuildPhase;
			buildActionMask = 2147483647;
			files = (
				E201194526C65FD700A4AC65 /* LaunchScreen.storyboard in Resources */,
				E201194226C65FD700A4AC65 /* Assets.xcassets in Resources */,
				E201194026C65FD500A4AC65 /* Main.storyboard in Resources */,
			);
			runOnlyForDeploymentPostprocessing = 0;
		};
/* End PBXResourcesBuildPhase section */

/* Begin PBXSourcesBuildPhase section */
		E201193126C65FD500A4AC65 /* Sources */ = {
			isa = PBXSourcesBuildPhase;
			buildActionMask = 2147483647;
			files = (
				E201194F26C662E800A4AC65 /* VideoController.swift in Sources */,
				E201193D26C65FD500A4AC65 /* ViewController.swift in Sources */,
				E201193926C65FD500A4AC65 /* AppDelegate.swift in Sources */,
				E201193B26C65FD500A4AC65 /* SceneDelegate.swift in Sources */,
				E201194D26C65FFD00A4AC65 /* PlayerView.swift in Sources */,
			);
			runOnlyForDeploymentPostprocessing = 0;
		};
/* End PBXSourcesBuildPhase section */

/* Begin PBXVariantGroup section */
		E201193E26C65FD500A4AC65 /* Main.storyboard */ = {
			isa = PBXVariantGroup;
			children = (
				E201193F26C65FD500A4AC65 /* Base */,
			);
			name = Main.storyboard;
			sourceTree = "<group>";
		};
		E201194326C65FD700A4AC65 /* LaunchScreen.storyboard */ = {
			isa = PBXVariantGroup;
			children = (
				E201194426C65FD700A4AC65 /* Base */,
			);
			name = LaunchScreen.storyboard;
			sourceTree = "<group>";
		};
/* End PBXVariantGroup section */

/* Begin XCBuildConfiguration section */
		E201194726C65FD700A4AC65 /* Debug */ = {
			isa = XCBuildConfiguration;
			buildSettings = {
				ALWAYS_SEARCH_USER_PATHS = NO;
				CLANG_ANALYZER_NONNULL = YES;
				CLANG_ANALYZER_NUMBER_OBJECT_CONVERSION = YES_AGGRESSIVE;
				CLANG_CXX_LANGUAGE_STANDARD = "gnu++17";
				CLANG_CXX_LIBRARY = "libc++";
				CLANG_ENABLE_MODULES = YES;
				CLANG_ENABLE_OBJC_ARC = YES;
				CLANG_ENABLE_OBJC_WEAK = YES;
				CLANG_WARN_BLOCK_CAPTURE_AUTORELEASING = YES;
				CLANG_WARN_BOOL_CONVERSION = YES;
				CLANG_WARN_COMMA = YES;
				CLANG_WARN_CONSTANT_CONVERSION = YES;
				CLANG_WARN_DEPRECATED_OBJC_IMPLEMENTATIONS = YES;
				CLANG_WARN_DIRECT_OBJC_ISA_USAGE = YES_ERROR;
				CLANG_WARN_DOCUMENTATION_COMMENTS = YES;
				CLANG_WARN_EMPTY_BODY = YES;
				CLANG_WARN_ENUM_CONVERSION = YES;
				CLANG_WARN_INFINITE_RECURSION = YES;
				CLANG_WARN_INT_CONVERSION = YES;
				CLANG_WARN_NON_LITERAL_NULL_CONVERSION = YES;
				CLANG_WARN_OBJC_IMPLICIT_RETAIN_SELF = YES;
				CLANG_WARN_OBJC_LITERAL_CONVERSION = YES;
				CLANG_WARN_OBJC_ROOT_CLASS = YES_ERROR;
				CLANG_WARN_QUOTED_INCLUDE_IN_FRAMEWORK_HEADER = YES;
				CLANG_WARN_RANGE_LOOP_ANALYSIS = YES;
				CLANG_WARN_STRICT_PROTOTYPES = YES;
				CLANG_WARN_SUSPICIOUS_MOVE = YES;
				CLANG_WARN_UNGUARDED_AVAILABILITY = YES_AGGRESSIVE;
				CLANG_WARN_UNREACHABLE_CODE = YES;
				CLANG_WARN__DUPLICATE_METHOD_MATCH = YES;
				COPY_PHASE_STRIP = NO;
				DEBUG_INFORMATION_FORMAT = dwarf;
				ENABLE_STRICT_OBJC_MSGSEND = YES;
				ENABLE_TESTABILITY = YES;
				GCC_C_LANGUAGE_STANDARD = gnu11;
				GCC_DYNAMIC_NO_PIC = NO;
				GCC_NO_COMMON_BLOCKS = YES;
				GCC_OPTIMIZATION_LEVEL = 0;
				GCC_PREPROCESSOR_DEFINITIONS = (
					"DEBUG=1",
					"$(inherited)",
				);
				GCC_WARN_64_TO_32_BIT_CONVERSION = YES;
				GCC_WARN_ABOUT_RETURN_TYPE = YES_ERROR;
				GCC_WARN_UNDECLARED_SELECTOR = YES;
				GCC_WARN_UNINITIALIZED_AUTOS = YES_AGGRESSIVE;
				GCC_WARN_UNUSED_FUNCTION = YES;
				GCC_WARN_UNUSED_VARIABLE = YES;
				IPHONEOS_DEPLOYMENT_TARGET = 15.0;
				MTL_ENABLE_DEBUG_INFO = INCLUDE_SOURCE;
				MTL_FAST_MATH = YES;
				ONLY_ACTIVE_ARCH = YES;
				SDKROOT = iphoneos;
				SWIFT_ACTIVE_COMPILATION_CONDITIONS = DEBUG;
				SWIFT_OPTIMIZATION_LEVEL = "-Onone";
			};
			name = Debug;
		};
		E201194826C65FD700A4AC65 /* Release */ = {
			isa = XCBuildConfiguration;
			buildSettings = {
				ALWAYS_SEARCH_USER_PATHS = NO;
				CLANG_ANALYZER_NONNULL = YES;
				CLANG_ANALYZER_NUMBER_OBJECT_CONVERSION = YES_AGGRESSIVE;
				CLANG_CXX_LANGUAGE_STANDARD = "gnu++17";
				CLANG_CXX_LIBRARY = "libc++";
				CLANG_ENABLE_MODULES = YES;
				CLANG_ENABLE_OBJC_ARC = YES;
				CLANG_ENABLE_OBJC_WEAK = YES;
				CLANG_WARN_BLOCK_CAPTURE_AUTORELEASING = YES;
				CLANG_WARN_BOOL_CONVERSION = YES;
				CLANG_WARN_COMMA = YES;
				CLANG_WARN_CONSTANT_CONVERSION = YES;
				CLANG_WARN_DEPRECATED_OBJC_IMPLEMENTATIONS = YES;
				CLANG_WARN_DIRECT_OBJC_ISA_USAGE = YES_ERROR;
				CLANG_WARN_DOCUMENTATION_COMMENTS = YES;
				CLANG_WARN_EMPTY_BODY = YES;
				CLANG_WARN_ENUM_CONVERSION = YES;
				CLANG_WARN_INFINITE_RECURSION = YES;
				CLANG_WARN_INT_CONVERSION = YES;
				CLANG_WARN_NON_LITERAL_NULL_CONVERSION = YES;
				CLANG_WARN_OBJC_IMPLICIT_RETAIN_SELF = YES;
				CLANG_WARN_OBJC_LITERAL_CONVERSION = YES;
				CLANG_WARN_OBJC_ROOT_CLASS = YES_ERROR;
				CLANG_WARN_QUOTED_INCLUDE_IN_FRAMEWORK_HEADER = YES;
				CLANG_WARN_RANGE_LOOP_ANALYSIS = YES;
				CLANG_WARN_STRICT_PROTOTYPES = YES;
				CLANG_WARN_SUSPICIOUS_MOVE = YES;
				CLANG_WARN_UNGUARDED_AVAILABILITY = YES_AGGRESSIVE;
				CLANG_WARN_UNREACHABLE_CODE = YES;
				CLANG_WARN__DUPLICATE_METHOD_MATCH = YES;
				COPY_PHASE_STRIP = NO;
				DEBUG_INFORMATION_FORMAT = "dwarf-with-dsym";
				ENABLE_NS_ASSERTIONS = NO;
				ENABLE_STRICT_OBJC_MSGSEND = YES;
				GCC_C_LANGUAGE_STANDARD = gnu11;
				GCC_NO_COMMON_BLOCKS = YES;
				GCC_WARN_64_TO_32_BIT_CONVERSION = YES;
				GCC_WARN_ABOUT_RETURN_TYPE = YES_ERROR;
				GCC_WARN_UNDECLARED_SELECTOR = YES;
				GCC_WARN_UNINITIALIZED_AUTOS = YES_AGGRESSIVE;
				GCC_WARN_UNUSED_FUNCTION = YES;
				GCC_WARN_UNUSED_VARIABLE = YES;
				IPHONEOS_DEPLOYMENT_TARGET = 15.0;
				MTL_ENABLE_DEBUG_INFO = NO;
				MTL_FAST_MATH = YES;
				SDKROOT = iphoneos;
				SWIFT_COMPILATION_MODE = wholemodule;
				SWIFT_OPTIMIZATION_LEVEL = "-O";
				VALIDATE_PRODUCT = YES;
			};
			name = Release;
		};
		E201194A26C65FD700A4AC65 /* Debug */ = {
			isa = XCBuildConfiguration;
			buildSettings = {
				ASSETCATALOG_COMPILER_APPICON_NAME = AppIcon;
				ASSETCATALOG_COMPILER_GLOBAL_ACCENT_COLOR_NAME = AccentColor;
				CODE_SIGN_STYLE = Automatic;
				CURRENT_PROJECT_VERSION = 1;
				DEVELOPMENT_TEAM = 8RL95G85MB;
				GENERATE_INFOPLIST_FILE = YES;
				INFOPLIST_FILE = MultiplePlayerLayers/Info.plist;
				INFOPLIST_KEY_UIApplicationSupportsIndirectInputEvents = YES;
				INFOPLIST_KEY_UILaunchStoryboardName = LaunchScreen;
				INFOPLIST_KEY_UIMainStoryboardFile = Main;
				INFOPLIST_KEY_UISupportedInterfaceOrientations_iPad = "UIInterfaceOrientationPortrait UIInterfaceOrientationPortraitUpsideDown UIInterfaceOrientationLandscapeLeft UIInterfaceOrientationLandscapeRight";
				INFOPLIST_KEY_UISupportedInterfaceOrientations_iPhone = "UIInterfaceOrientationPortrait UIInterfaceOrientationLandscapeLeft UIInterfaceOrientationLandscapeRight";
				IPHONEOS_DEPLOYMENT_TARGET = 13.0;
				LD_RUNPATH_SEARCH_PATHS = (
					"$(inherited)",
					"@executable_path/Frameworks",
				);
				MARKETING_VERSION = 1.0;
				PRODUCT_BUNDLE_IDENTIFIER = name.thomashess.MultiplePlayerLayers;
				PRODUCT_NAME = "$(TARGET_NAME)";
				SWIFT_EMIT_LOC_STRINGS = YES;
				SWIFT_VERSION = 5.0;
				TARGETED_DEVICE_FAMILY = "1,2";
			};
			name = Debug;
		};
		E201194B26C65FD700A4AC65 /* Release */ = {
			isa = XCBuildConfiguration;
			buildSettings = {
				ASSETCATALOG_COMPILER_APPICON_NAME = AppIcon;
				ASSETCATALOG_COMPILER_GLOBAL_ACCENT_COLOR_NAME = AccentColor;
				CODE_SIGN_STYLE = Automatic;
				CURRENT_PROJECT_VERSION = 1;
				DEVELOPMENT_TEAM = 8RL95G85MB;
				GENERATE_INFOPLIST_FILE = YES;
				INFOPLIST_FILE = MultiplePlayerLayers/Info.plist;
				INFOPLIST_KEY_UIApplicationSupportsIndirectInputEvents = YES;
				INFOPLIST_KEY_UILaunchStoryboardName = LaunchScreen;
				INFOPLIST_KEY_UIMainStoryboardFile = Main;
				INFOPLIST_KEY_UISupportedInterfaceOrientations_iPad = "UIInterfaceOrientationPortrait UIInterfaceOrientationPortraitUpsideDown UIInterfaceOrientationLandscapeLeft UIInterfaceOrientationLandscapeRight";
				INFOPLIST_KEY_UISupportedInterfaceOrientations_iPhone = "UIInterfaceOrientationPortrait UIInterfaceOrientationLandscapeLeft UIInterfaceOrientationLandscapeRight";
				IPHONEOS_DEPLOYMENT_TARGET = 13.0;
				LD_RUNPATH_SEARCH_PATHS = (
					"$(inherited)",
					"@executable_path/Frameworks",
				);
				MARKETING_VERSION = 1.0;
				PRODUCT_BUNDLE_IDENTIFIER = name.thomashess.MultiplePlayerLayers;
				PRODUCT_NAME = "$(TARGET_NAME)";
				SWIFT_EMIT_LOC_STRINGS = YES;
				SWIFT_VERSION = 5.0;
				TARGETED_DEVICE_FAMILY = "1,2";
			};
			name = Release;
		};
/* End XCBuildConfiguration section */

/* Begin XCConfigurationList section */
		E201193026C65FD500A4AC65 /* Build configuration list for PBXProject "MultiplePlayerLayers" */ = {
			isa = XCConfigurationList;
			buildConfigurations = (
				E201194726C65FD700A4AC65 /* Debug */,
				E201194826C65FD700A4AC65 /* Release */,
			);
			defaultConfigurationIsVisible = 0;
			defaultConfigurationName = Release;
		};
		E201194926C65FD700A4AC65 /* Build configuration list for PBXNativeTarget "MultiplePlayerLayers" */ = {
			isa = XCConfigurationList;
			buildConfigurations = (
				E201194A26C65FD700A4AC65 /* Debug */,
				E201194B26C65FD700A4AC65 /* Release */,
			);
			defaultConfigurationIsVisible = 0;
			defaultConfigurationName = Release;
		};
/* End XCConfigurationList section */
	};
	rootObject = E201192D26C65FD500A4AC65 /* Project object */;
}
